// !$*UTF8*$!
{
    archiveVersion = 1;
    classes = {};
    objectVersion = 46;
    rootObject = __RootObject_;
    objects = {
        __RootObject_ = {
            isa = PBXProject;
            attributes = {LastUpgradeCheck = 9999;};
            buildConfigurationList = ___RootConfs_;
            compatibilityVersion = 'Xcode 3.2';
            developmentRegion = English;
            hasScannedForEncodings = 0;
            knownRegions = (en);
            mainGroup = ___RootGroup_;
            productRefGroup = ____Products_;
            projectDirPath = '';
            projectRoot = '';
            targets = (______Target_MySQL, ______Target_SQLFormatter, ______Target_Environment, ______Target_CLibvenice, ______Target_C7, ______Target_Venice, ______Target_String, ______Target_POSIX, ______Target_File, ______Target_POSIXRegex, ______Target_SimpleMySQLClassGenerator);
        };
        '__PBXFileRef_Package.swift' = {
            isa = PBXFileReference;
            lastKnownFileType = sourcecode.swift;
            name = 'Package.swift';
            path = 'Package.swift';
            sourceTree = '<group>';
        };
        ___RootGroup_ = {
            isa = PBXGroup;
            children = ('__PBXFileRef_Package.swift', _____Configs_, _____Sources_, Dependencies_, _______Tests_, ____Products_);
            sourceTree = '<group>';
        };
        _______Group_MySQL = {
            isa = PBXGroup;
            name = MySQL;
            path = 'Packages/MySQL-0.2.9/Sources/MySQL';
            sourceTree = '<group>';
            children = ('__PBXFileRef_Packages/MySQL-0.2.9/Sources/MySQL/Blob.swift', '__PBXFileRef_Packages/MySQL-0.2.9/Sources/MySQL/Connection.swift', '__PBXFileRef_Packages/MySQL-0.2.9/Sources/MySQL/ConnectionPool.swift', '__PBXFileRef_Packages/MySQL-0.2.9/Sources/MySQL/Date.swift', '__PBXFileRef_Packages/MySQL-0.2.9/Sources/MySQL/Error.swift', '__PBXFileRef_Packages/MySQL-0.2.9/Sources/MySQL/ParameterBuilder.swift', '__PBXFileRef_Packages/MySQL-0.2.9/Sources/MySQL/Query.swift', '__PBXFileRef_Packages/MySQL-0.2.9/Sources/MySQL/QueryParameterType.swift', '__PBXFileRef_Packages/MySQL-0.2.9/Sources/MySQL/Result.swift', '__PBXFileRef_Packages/MySQL-0.2.9/Sources/MySQL/ResultType.swift', '__PBXFileRef_Packages/MySQL-0.2.9/Sources/MySQL/SQLType.swift', '__PBXFileRef_Packages/MySQL-0.2.9/Sources/MySQL/Sync.swift', '__PBXFileRef_Packages/MySQL-0.2.9/Sources/MySQL/Transaction.swift');
        };
        '__PBXFileRef_Packages/MySQL-0.2.9/Sources/MySQL/Blob.swift' = {
            isa = PBXFileReference;
            lastKnownFileType = sourcecode.swift;
            name = 'Blob.swift';
            sourceTree = '<group>';
        };
        '__PBXFileRef_Packages/MySQL-0.2.9/Sources/MySQL/Connection.swift' = {
            isa = PBXFileReference;
            lastKnownFileType = sourcecode.swift;
            name = 'Connection.swift';
            sourceTree = '<group>';
        };
        '__PBXFileRef_Packages/MySQL-0.2.9/Sources/MySQL/ConnectionPool.swift' = {
            isa = PBXFileReference;
            lastKnownFileType = sourcecode.swift;
            name = 'ConnectionPool.swift';
            sourceTree = '<group>';
        };
        '__PBXFileRef_Packages/MySQL-0.2.9/Sources/MySQL/Date.swift' = {
            isa = PBXFileReference;
            lastKnownFileType = sourcecode.swift;
            name = 'Date.swift';
            sourceTree = '<group>';
        };
        '__PBXFileRef_Packages/MySQL-0.2.9/Sources/MySQL/Error.swift' = {
            isa = PBXFileReference;
            lastKnownFileType = sourcecode.swift;
            name = 'Error.swift';
            sourceTree = '<group>';
        };
        '__PBXFileRef_Packages/MySQL-0.2.9/Sources/MySQL/ParameterBuilder.swift' = {
            isa = PBXFileReference;
            lastKnownFileType = sourcecode.swift;
            name = 'ParameterBuilder.swift';
            sourceTree = '<group>';
        };
        '__PBXFileRef_Packages/MySQL-0.2.9/Sources/MySQL/Query.swift' = {
            isa = PBXFileReference;
            lastKnownFileType = sourcecode.swift;
            name = 'Query.swift';
            sourceTree = '<group>';
        };
        '__PBXFileRef_Packages/MySQL-0.2.9/Sources/MySQL/QueryParameterType.swift' = {
            isa = PBXFileReference;
            lastKnownFileType = sourcecode.swift;
            name = 'QueryParameterType.swift';
            sourceTree = '<group>';
        };
        '__PBXFileRef_Packages/MySQL-0.2.9/Sources/MySQL/Result.swift' = {
            isa = PBXFileReference;
            lastKnownFileType = sourcecode.swift;
            name = 'Result.swift';
            sourceTree = '<group>';
        };
        '__PBXFileRef_Packages/MySQL-0.2.9/Sources/MySQL/ResultType.swift' = {
            isa = PBXFileReference;
            lastKnownFileType = sourcecode.swift;
            name = 'ResultType.swift';
            sourceTree = '<group>';
        };
        '__PBXFileRef_Packages/MySQL-0.2.9/Sources/MySQL/SQLType.swift' = {
            isa = PBXFileReference;
            lastKnownFileType = sourcecode.swift;
            name = 'SQLType.swift';
            sourceTree = '<group>';
        };
        '__PBXFileRef_Packages/MySQL-0.2.9/Sources/MySQL/Sync.swift' = {
            isa = PBXFileReference;
            lastKnownFileType = sourcecode.swift;
            name = 'Sync.swift';
            sourceTree = '<group>';
        };
        '__PBXFileRef_Packages/MySQL-0.2.9/Sources/MySQL/Transaction.swift' = {
            isa = PBXFileReference;
            lastKnownFileType = sourcecode.swift;
            name = 'Transaction.swift';
            sourceTree = '<group>';
        };
        ______Target_MySQL = {
            isa = PBXNativeTarget;
            buildConfigurationList = _______Confs_MySQL;
            buildPhases = (CompilePhase_MySQL, ___LinkPhase_MySQL);
            buildRules = ();
            dependencies = (__Dependency_SQLFormatter);
            name = MySQL;
            productName = MySQL;
            productReference = _____Product_MySQL;
            productType = 'com.apple.product-type.library.dynamic';
        };
        _____Product_MySQL = {
            isa = PBXFileReference;
            explicitFileType = 'compiled.mach-o.dylib';
            path = 'libMySQL.dylib';
            sourceTree = BUILT_PRODUCTS_DIR;
        };
        CompilePhase_MySQL = {
            isa = PBXSourcesBuildPhase;
            files = ('__src_cc_ref_Packages/MySQL-0.2.9/Sources/MySQL/Blob.swift', '__src_cc_ref_Packages/MySQL-0.2.9/Sources/MySQL/Connection.swift', '__src_cc_ref_Packages/MySQL-0.2.9/Sources/MySQL/ConnectionPool.swift', '__src_cc_ref_Packages/MySQL-0.2.9/Sources/MySQL/Date.swift', '__src_cc_ref_Packages/MySQL-0.2.9/Sources/MySQL/Error.swift', '__src_cc_ref_Packages/MySQL-0.2.9/Sources/MySQL/ParameterBuilder.swift', '__src_cc_ref_Packages/MySQL-0.2.9/Sources/MySQL/Query.swift', '__src_cc_ref_Packages/MySQL-0.2.9/Sources/MySQL/QueryParameterType.swift', '__src_cc_ref_Packages/MySQL-0.2.9/Sources/MySQL/Result.swift', '__src_cc_ref_Packages/MySQL-0.2.9/Sources/MySQL/ResultType.swift', '__src_cc_ref_Packages/MySQL-0.2.9/Sources/MySQL/SQLType.swift', '__src_cc_ref_Packages/MySQL-0.2.9/Sources/MySQL/Sync.swift', '__src_cc_ref_Packages/MySQL-0.2.9/Sources/MySQL/Transaction.swift');
            runOnlyForDeploymentPostprocessing = 0;
        };
        '__src_cc_ref_Packages/MySQL-0.2.9/Sources/MySQL/Blob.swift' = {
            isa = PBXBuildFile;
            fileRef = '__PBXFileRef_Packages/MySQL-0.2.9/Sources/MySQL/Blob.swift';
        };
        '__src_cc_ref_Packages/MySQL-0.2.9/Sources/MySQL/Connection.swift' = {
            isa = PBXBuildFile;
            fileRef = '__PBXFileRef_Packages/MySQL-0.2.9/Sources/MySQL/Connection.swift';
        };
        '__src_cc_ref_Packages/MySQL-0.2.9/Sources/MySQL/ConnectionPool.swift' = {
            isa = PBXBuildFile;
            fileRef = '__PBXFileRef_Packages/MySQL-0.2.9/Sources/MySQL/ConnectionPool.swift';
        };
        '__src_cc_ref_Packages/MySQL-0.2.9/Sources/MySQL/Date.swift' = {
            isa = PBXBuildFile;
            fileRef = '__PBXFileRef_Packages/MySQL-0.2.9/Sources/MySQL/Date.swift';
        };
        '__src_cc_ref_Packages/MySQL-0.2.9/Sources/MySQL/Error.swift' = {
            isa = PBXBuildFile;
            fileRef = '__PBXFileRef_Packages/MySQL-0.2.9/Sources/MySQL/Error.swift';
        };
        '__src_cc_ref_Packages/MySQL-0.2.9/Sources/MySQL/ParameterBuilder.swift' = {
            isa = PBXBuildFile;
            fileRef = '__PBXFileRef_Packages/MySQL-0.2.9/Sources/MySQL/ParameterBuilder.swift';
        };
        '__src_cc_ref_Packages/MySQL-0.2.9/Sources/MySQL/Query.swift' = {
            isa = PBXBuildFile;
            fileRef = '__PBXFileRef_Packages/MySQL-0.2.9/Sources/MySQL/Query.swift';
        };
        '__src_cc_ref_Packages/MySQL-0.2.9/Sources/MySQL/QueryParameterType.swift' = {
            isa = PBXBuildFile;
            fileRef = '__PBXFileRef_Packages/MySQL-0.2.9/Sources/MySQL/QueryParameterType.swift';
        };
        '__src_cc_ref_Packages/MySQL-0.2.9/Sources/MySQL/Result.swift' = {
            isa = PBXBuildFile;
            fileRef = '__PBXFileRef_Packages/MySQL-0.2.9/Sources/MySQL/Result.swift';
        };
        '__src_cc_ref_Packages/MySQL-0.2.9/Sources/MySQL/ResultType.swift' = {
            isa = PBXBuildFile;
            fileRef = '__PBXFileRef_Packages/MySQL-0.2.9/Sources/MySQL/ResultType.swift';
        };
        '__src_cc_ref_Packages/MySQL-0.2.9/Sources/MySQL/SQLType.swift' = {
            isa = PBXBuildFile;
            fileRef = '__PBXFileRef_Packages/MySQL-0.2.9/Sources/MySQL/SQLType.swift';
        };
        '__src_cc_ref_Packages/MySQL-0.2.9/Sources/MySQL/Sync.swift' = {
            isa = PBXBuildFile;
            fileRef = '__PBXFileRef_Packages/MySQL-0.2.9/Sources/MySQL/Sync.swift';
        };
        '__src_cc_ref_Packages/MySQL-0.2.9/Sources/MySQL/Transaction.swift' = {
            isa = PBXBuildFile;
            fileRef = '__PBXFileRef_Packages/MySQL-0.2.9/Sources/MySQL/Transaction.swift';
        };
        ___LinkPhase_MySQL = {
            isa = PBXFrameworksBuildPhase;
            files = (_LinkFileRef_SQLFormatter_via_MySQL);
            runOnlyForDeploymentPostprocessing = 0;
        };
        _LinkFileRef_SQLFormatter_via_MySQL = {
            isa = PBXBuildFile;
            fileRef = _____Product_SQLFormatter;
        };
        _______Confs_MySQL = {
            isa = XCConfigurationList;
            buildConfigurations = (___DebugConf_MySQL, _ReleaseConf_MySQL);
            defaultConfigurationIsVisible = 0;
            defaultConfigurationName = Debug;
        };
        ___DebugConf_MySQL = {
            isa = XCBuildConfiguration;
            buildSettings = { LD_RUNPATH_SEARCH_PATHS = '$(TOOLCHAIN_DIR)/usr/lib/swift/macosx'; PRODUCT_MODULE_NAME = '$(TARGET_NAME:c99extidentifier)'; ENABLE_TESTABILITY = 'YES'; OTHER_SWIFT_FLAGS = '$(inherited)'; SWIFT_OPTIMIZATION_LEVEL = '-Onone'; HEADER_SEARCH_PATHS = '/Users/tomohisa/dev/ImworingSimpleMySQLClassGenerator/Packages/CMySQL-1.1.3'; OTHER_LDFLAGS = '$(inherited)'; PRODUCT_NAME = 'lib$(TARGET_NAME)'; };
            name = Debug;
        };
        _ReleaseConf_MySQL = {
            isa = XCBuildConfiguration;
            buildSettings = { LD_RUNPATH_SEARCH_PATHS = '$(TOOLCHAIN_DIR)/usr/lib/swift/macosx'; PRODUCT_MODULE_NAME = '$(TARGET_NAME:c99extidentifier)'; ENABLE_TESTABILITY = 'YES'; OTHER_SWIFT_FLAGS = '$(inherited)'; HEADER_SEARCH_PATHS = '/Users/tomohisa/dev/ImworingSimpleMySQLClassGenerator/Packages/CMySQL-1.1.3'; OTHER_LDFLAGS = '$(inherited)'; PRODUCT_NAME = 'lib$(TARGET_NAME)'; };
            name = Release;
        };
        __Dependency_MySQL = {
            isa = PBXTargetDependency;
            target = ______Target_MySQL;
        };
        _______Group_SQLFormatter = {
            isa = PBXGroup;
            name = SQLFormatter;
            path = 'Packages/MySQL-0.2.9/Sources/SQLFormatter';
            sourceTree = '<group>';
            children = ('__PBXFileRef_Packages/MySQL-0.2.9/Sources/SQLFormatter/Error.swift', '__PBXFileRef_Packages/MySQL-0.2.9/Sources/SQLFormatter/QueryFormatter.swift');
        };
        '__PBXFileRef_Packages/MySQL-0.2.9/Sources/SQLFormatter/Error.swift' = {
            isa = PBXFileReference;
            lastKnownFileType = sourcecode.swift;
            name = 'Error.swift';
            sourceTree = '<group>';
        };
        '__PBXFileRef_Packages/MySQL-0.2.9/Sources/SQLFormatter/QueryFormatter.swift' = {
            isa = PBXFileReference;
            lastKnownFileType = sourcecode.swift;
            name = 'QueryFormatter.swift';
            sourceTree = '<group>';
        };
        ______Target_SQLFormatter = {
            isa = PBXNativeTarget;
            buildConfigurationList = _______Confs_SQLFormatter;
            buildPhases = (CompilePhase_SQLFormatter, ___LinkPhase_SQLFormatter);
            buildRules = ();
            dependencies = ();
            name = SQLFormatter;
            productName = SQLFormatter;
            productReference = _____Product_SQLFormatter;
            productType = 'com.apple.product-type.library.dynamic';
        };
        _____Product_SQLFormatter = {
            isa = PBXFileReference;
            explicitFileType = 'compiled.mach-o.dylib';
            path = 'libSQLFormatter.dylib';
            sourceTree = BUILT_PRODUCTS_DIR;
        };
        CompilePhase_SQLFormatter = {
            isa = PBXSourcesBuildPhase;
            files = ('__src_cc_ref_Packages/MySQL-0.2.9/Sources/SQLFormatter/Error.swift', '__src_cc_ref_Packages/MySQL-0.2.9/Sources/SQLFormatter/QueryFormatter.swift');
            runOnlyForDeploymentPostprocessing = 0;
        };
        '__src_cc_ref_Packages/MySQL-0.2.9/Sources/SQLFormatter/Error.swift' = {
            isa = PBXBuildFile;
            fileRef = '__PBXFileRef_Packages/MySQL-0.2.9/Sources/SQLFormatter/Error.swift';
        };
        '__src_cc_ref_Packages/MySQL-0.2.9/Sources/SQLFormatter/QueryFormatter.swift' = {
            isa = PBXBuildFile;
            fileRef = '__PBXFileRef_Packages/MySQL-0.2.9/Sources/SQLFormatter/QueryFormatter.swift';
        };
        ___LinkPhase_SQLFormatter = {
            isa = PBXFrameworksBuildPhase;
            files = ();
            runOnlyForDeploymentPostprocessing = 0;
        };
        _______Confs_SQLFormatter = {
            isa = XCConfigurationList;
            buildConfigurations = (___DebugConf_SQLFormatter, _ReleaseConf_SQLFormatter);
            defaultConfigurationIsVisible = 0;
            defaultConfigurationName = Debug;
        };
        ___DebugConf_SQLFormatter = {
            isa = XCBuildConfiguration;
            buildSettings = { LD_RUNPATH_SEARCH_PATHS = '$(TOOLCHAIN_DIR)/usr/lib/swift/macosx'; PRODUCT_MODULE_NAME = '$(TARGET_NAME:c99extidentifier)'; ENABLE_TESTABILITY = 'YES'; OTHER_SWIFT_FLAGS = '$(inherited)'; SWIFT_OPTIMIZATION_LEVEL = '-Onone'; HEADER_SEARCH_PATHS = '/Users/tomohisa/dev/ImworingSimpleMySQLClassGenerator/Packages/CMySQL-1.1.3'; OTHER_LDFLAGS = '$(inherited)'; PRODUCT_NAME = 'lib$(TARGET_NAME)'; };
            name = Debug;
        };
        _ReleaseConf_SQLFormatter = {
            isa = XCBuildConfiguration;
            buildSettings = { LD_RUNPATH_SEARCH_PATHS = '$(TOOLCHAIN_DIR)/usr/lib/swift/macosx'; PRODUCT_MODULE_NAME = '$(TARGET_NAME:c99extidentifier)'; ENABLE_TESTABILITY = 'YES'; OTHER_SWIFT_FLAGS = '$(inherited)'; HEADER_SEARCH_PATHS = '/Users/tomohisa/dev/ImworingSimpleMySQLClassGenerator/Packages/CMySQL-1.1.3'; OTHER_LDFLAGS = '$(inherited)'; PRODUCT_NAME = 'lib$(TARGET_NAME)'; };
            name = Release;
        };
        __Dependency_SQLFormatter = {
            isa = PBXTargetDependency;
            target = ______Target_SQLFormatter;
        };
        _______Group_Environment = {
            isa = PBXGroup;
            name = Environment;
            path = 'Packages/Environment-0.3.1/Sources/Environment';
            sourceTree = '<group>';
            children = ('__PBXFileRef_Packages/Environment-0.3.1/Sources/Environment/Environment.swift');
        };
        '__PBXFileRef_Packages/Environment-0.3.1/Sources/Environment/Environment.swift' = {
            isa = PBXFileReference;
            lastKnownFileType = sourcecode.swift;
            name = 'Environment.swift';
            sourceTree = '<group>';
        };
        ______Target_Environment = {
            isa = PBXNativeTarget;
            buildConfigurationList = _______Confs_Environment;
            buildPhases = (CompilePhase_Environment, ___LinkPhase_Environment);
            buildRules = ();
            dependencies = ();
            name = Environment;
            productName = Environment;
            productReference = _____Product_Environment;
            productType = 'com.apple.product-type.library.dynamic';
        };
        _____Product_Environment = {
            isa = PBXFileReference;
            explicitFileType = 'compiled.mach-o.dylib';
            path = 'libEnvironment.dylib';
            sourceTree = BUILT_PRODUCTS_DIR;
        };
        CompilePhase_Environment = {
            isa = PBXSourcesBuildPhase;
            files = ('__src_cc_ref_Packages/Environment-0.3.1/Sources/Environment/Environment.swift');
            runOnlyForDeploymentPostprocessing = 0;
        };
        '__src_cc_ref_Packages/Environment-0.3.1/Sources/Environment/Environment.swift' = {
            isa = PBXBuildFile;
            fileRef = '__PBXFileRef_Packages/Environment-0.3.1/Sources/Environment/Environment.swift';
        };
        ___LinkPhase_Environment = {
            isa = PBXFrameworksBuildPhase;
            files = ();
            runOnlyForDeploymentPostprocessing = 0;
        };
        _______Confs_Environment = {
            isa = XCConfigurationList;
            buildConfigurations = (___DebugConf_Environment, _ReleaseConf_Environment);
            defaultConfigurationIsVisible = 0;
            defaultConfigurationName = Debug;
        };
        ___DebugConf_Environment = {
            isa = XCBuildConfiguration;
            buildSettings = { LD_RUNPATH_SEARCH_PATHS = '$(TOOLCHAIN_DIR)/usr/lib/swift/macosx'; PRODUCT_MODULE_NAME = '$(TARGET_NAME:c99extidentifier)'; ENABLE_TESTABILITY = 'YES'; OTHER_SWIFT_FLAGS = '$(inherited)'; SWIFT_OPTIMIZATION_LEVEL = '-Onone'; OTHER_LDFLAGS = '$(inherited)'; PRODUCT_NAME = 'lib$(TARGET_NAME)'; };
            name = Debug;
        };
        _ReleaseConf_Environment = {
            isa = XCBuildConfiguration;
            buildSettings = { LD_RUNPATH_SEARCH_PATHS = '$(TOOLCHAIN_DIR)/usr/lib/swift/macosx'; PRODUCT_MODULE_NAME = '$(TARGET_NAME:c99extidentifier)'; ENABLE_TESTABILITY = 'YES'; OTHER_LDFLAGS = '$(inherited)'; PRODUCT_NAME = 'lib$(TARGET_NAME)'; OTHER_SWIFT_FLAGS = '$(inherited)'; };
            name = Release;
        };
        __Dependency_Environment = {
            isa = PBXTargetDependency;
            target = ______Target_Environment;
        };
        _______Group_CLibvenice = {
            isa = PBXGroup;
            name = CLibvenice;
            path = 'Packages/CLibvenice-0.5.1/Sources';
            sourceTree = '<group>';
            children = ('__PBXFileRef_Packages/CLibvenice-0.5.1/Sources/chan.c', '__PBXFileRef_Packages/CLibvenice-0.5.1/Sources/cr.c', '__PBXFileRef_Packages/CLibvenice-0.5.1/Sources/debug.c', '__PBXFileRef_Packages/CLibvenice-0.5.1/Sources/dns.c', '__PBXFileRef_Packages/CLibvenice-0.5.1/Sources/file.c', '__PBXFileRef_Packages/CLibvenice-0.5.1/Sources/ip.c', '__PBXFileRef_Packages/CLibvenice-0.5.1/Sources/list.c', '__PBXFileRef_Packages/CLibvenice-0.5.1/Sources/poller.c', '__PBXFileRef_Packages/CLibvenice-0.5.1/Sources/slist.c', '__PBXFileRef_Packages/CLibvenice-0.5.1/Sources/stack.c', '__PBXFileRef_Packages/CLibvenice-0.5.1/Sources/tcp.c', '__PBXFileRef_Packages/CLibvenice-0.5.1/Sources/timer.c', '__PBXFileRef_Packages/CLibvenice-0.5.1/Sources/udp.c', '__PBXFileRef_Packages/CLibvenice-0.5.1/Sources/unix.c');
        };
        '__PBXFileRef_Packages/CLibvenice-0.5.1/Sources/chan.c' = {
            isa = PBXFileReference;
            lastKnownFileType = sourcecode.c.c;
            name = 'chan.c';
            sourceTree = '<group>';
        };
        '__PBXFileRef_Packages/CLibvenice-0.5.1/Sources/cr.c' = {
            isa = PBXFileReference;
            lastKnownFileType = sourcecode.c.c;
            name = 'cr.c';
            sourceTree = '<group>';
        };
        '__PBXFileRef_Packages/CLibvenice-0.5.1/Sources/debug.c' = {
            isa = PBXFileReference;
            lastKnownFileType = sourcecode.c.c;
            name = 'debug.c';
            sourceTree = '<group>';
        };
        '__PBXFileRef_Packages/CLibvenice-0.5.1/Sources/dns.c' = {
            isa = PBXFileReference;
            lastKnownFileType = sourcecode.c.c;
            name = 'dns.c';
            sourceTree = '<group>';
        };
        '__PBXFileRef_Packages/CLibvenice-0.5.1/Sources/file.c' = {
            isa = PBXFileReference;
            lastKnownFileType = sourcecode.c.c;
            name = 'file.c';
            sourceTree = '<group>';
        };
        '__PBXFileRef_Packages/CLibvenice-0.5.1/Sources/ip.c' = {
            isa = PBXFileReference;
            lastKnownFileType = sourcecode.c.c;
            name = 'ip.c';
            sourceTree = '<group>';
        };
        '__PBXFileRef_Packages/CLibvenice-0.5.1/Sources/list.c' = {
            isa = PBXFileReference;
            lastKnownFileType = sourcecode.c.c;
            name = 'list.c';
            sourceTree = '<group>';
        };
        '__PBXFileRef_Packages/CLibvenice-0.5.1/Sources/poller.c' = {
            isa = PBXFileReference;
            lastKnownFileType = sourcecode.c.c;
            name = 'poller.c';
            sourceTree = '<group>';
        };
        '__PBXFileRef_Packages/CLibvenice-0.5.1/Sources/slist.c' = {
            isa = PBXFileReference;
            lastKnownFileType = sourcecode.c.c;
            name = 'slist.c';
            sourceTree = '<group>';
        };
        '__PBXFileRef_Packages/CLibvenice-0.5.1/Sources/stack.c' = {
            isa = PBXFileReference;
            lastKnownFileType = sourcecode.c.c;
            name = 'stack.c';
            sourceTree = '<group>';
        };
        '__PBXFileRef_Packages/CLibvenice-0.5.1/Sources/tcp.c' = {
            isa = PBXFileReference;
            lastKnownFileType = sourcecode.c.c;
            name = 'tcp.c';
            sourceTree = '<group>';
        };
        '__PBXFileRef_Packages/CLibvenice-0.5.1/Sources/timer.c' = {
            isa = PBXFileReference;
            lastKnownFileType = sourcecode.c.c;
            name = 'timer.c';
            sourceTree = '<group>';
        };
        '__PBXFileRef_Packages/CLibvenice-0.5.1/Sources/udp.c' = {
            isa = PBXFileReference;
            lastKnownFileType = sourcecode.c.c;
            name = 'udp.c';
            sourceTree = '<group>';
        };
        '__PBXFileRef_Packages/CLibvenice-0.5.1/Sources/unix.c' = {
            isa = PBXFileReference;
            lastKnownFileType = sourcecode.c.c;
            name = 'unix.c';
            sourceTree = '<group>';
        };
        ______Target_CLibvenice = {
            isa = PBXNativeTarget;
            buildConfigurationList = _______Confs_CLibvenice;
            buildPhases = (CompilePhase_CLibvenice, ___LinkPhase_CLibvenice);
            buildRules = ();
            dependencies = ();
            name = CLibvenice;
            productName = CLibvenice;
            productReference = _____Product_CLibvenice;
            productType = 'com.apple.product-type.library.dynamic';
        };
        _____Product_CLibvenice = {
            isa = PBXFileReference;
            explicitFileType = 'compiled.mach-o.dylib';
            path = 'libCLibvenice.dylib';
            sourceTree = BUILT_PRODUCTS_DIR;
        };
        CompilePhase_CLibvenice = {
            isa = PBXSourcesBuildPhase;
            files = ('__src_cc_ref_Packages/CLibvenice-0.5.1/Sources/chan.c', '__src_cc_ref_Packages/CLibvenice-0.5.1/Sources/cr.c', '__src_cc_ref_Packages/CLibvenice-0.5.1/Sources/debug.c', '__src_cc_ref_Packages/CLibvenice-0.5.1/Sources/dns.c', '__src_cc_ref_Packages/CLibvenice-0.5.1/Sources/file.c', '__src_cc_ref_Packages/CLibvenice-0.5.1/Sources/ip.c', '__src_cc_ref_Packages/CLibvenice-0.5.1/Sources/list.c', '__src_cc_ref_Packages/CLibvenice-0.5.1/Sources/poller.c', '__src_cc_ref_Packages/CLibvenice-0.5.1/Sources/slist.c', '__src_cc_ref_Packages/CLibvenice-0.5.1/Sources/stack.c', '__src_cc_ref_Packages/CLibvenice-0.5.1/Sources/tcp.c', '__src_cc_ref_Packages/CLibvenice-0.5.1/Sources/timer.c', '__src_cc_ref_Packages/CLibvenice-0.5.1/Sources/udp.c', '__src_cc_ref_Packages/CLibvenice-0.5.1/Sources/unix.c');
            runOnlyForDeploymentPostprocessing = 0;
        };
        '__src_cc_ref_Packages/CLibvenice-0.5.1/Sources/chan.c' = {
            isa = PBXBuildFile;
            fileRef = '__PBXFileRef_Packages/CLibvenice-0.5.1/Sources/chan.c';
        };
        '__src_cc_ref_Packages/CLibvenice-0.5.1/Sources/cr.c' = {
            isa = PBXBuildFile;
            fileRef = '__PBXFileRef_Packages/CLibvenice-0.5.1/Sources/cr.c';
        };
        '__src_cc_ref_Packages/CLibvenice-0.5.1/Sources/debug.c' = {
            isa = PBXBuildFile;
            fileRef = '__PBXFileRef_Packages/CLibvenice-0.5.1/Sources/debug.c';
        };
        '__src_cc_ref_Packages/CLibvenice-0.5.1/Sources/dns.c' = {
            isa = PBXBuildFile;
            fileRef = '__PBXFileRef_Packages/CLibvenice-0.5.1/Sources/dns.c';
        };
        '__src_cc_ref_Packages/CLibvenice-0.5.1/Sources/file.c' = {
            isa = PBXBuildFile;
            fileRef = '__PBXFileRef_Packages/CLibvenice-0.5.1/Sources/file.c';
        };
        '__src_cc_ref_Packages/CLibvenice-0.5.1/Sources/ip.c' = {
            isa = PBXBuildFile;
            fileRef = '__PBXFileRef_Packages/CLibvenice-0.5.1/Sources/ip.c';
        };
        '__src_cc_ref_Packages/CLibvenice-0.5.1/Sources/list.c' = {
            isa = PBXBuildFile;
            fileRef = '__PBXFileRef_Packages/CLibvenice-0.5.1/Sources/list.c';
        };
        '__src_cc_ref_Packages/CLibvenice-0.5.1/Sources/poller.c' = {
            isa = PBXBuildFile;
            fileRef = '__PBXFileRef_Packages/CLibvenice-0.5.1/Sources/poller.c';
        };
        '__src_cc_ref_Packages/CLibvenice-0.5.1/Sources/slist.c' = {
            isa = PBXBuildFile;
            fileRef = '__PBXFileRef_Packages/CLibvenice-0.5.1/Sources/slist.c';
        };
        '__src_cc_ref_Packages/CLibvenice-0.5.1/Sources/stack.c' = {
            isa = PBXBuildFile;
            fileRef = '__PBXFileRef_Packages/CLibvenice-0.5.1/Sources/stack.c';
        };
        '__src_cc_ref_Packages/CLibvenice-0.5.1/Sources/tcp.c' = {
            isa = PBXBuildFile;
            fileRef = '__PBXFileRef_Packages/CLibvenice-0.5.1/Sources/tcp.c';
        };
        '__src_cc_ref_Packages/CLibvenice-0.5.1/Sources/timer.c' = {
            isa = PBXBuildFile;
            fileRef = '__PBXFileRef_Packages/CLibvenice-0.5.1/Sources/timer.c';
        };
        '__src_cc_ref_Packages/CLibvenice-0.5.1/Sources/udp.c' = {
            isa = PBXBuildFile;
            fileRef = '__PBXFileRef_Packages/CLibvenice-0.5.1/Sources/udp.c';
        };
        '__src_cc_ref_Packages/CLibvenice-0.5.1/Sources/unix.c' = {
            isa = PBXBuildFile;
            fileRef = '__PBXFileRef_Packages/CLibvenice-0.5.1/Sources/unix.c';
        };
        ___LinkPhase_CLibvenice = {
            isa = PBXFrameworksBuildPhase;
            files = ();
            runOnlyForDeploymentPostprocessing = 0;
        };
        _______Confs_CLibvenice = {
            isa = XCConfigurationList;
            buildConfigurations = (___DebugConf_CLibvenice, _ReleaseConf_CLibvenice);
            defaultConfigurationIsVisible = 0;
            defaultConfigurationName = Debug;
        };
        ___DebugConf_CLibvenice = {
            isa = XCBuildConfiguration;
            buildSettings = { LD_RUNPATH_SEARCH_PATHS = '$(TOOLCHAIN_DIR)/usr/lib/swift/macosx'; PRODUCT_MODULE_NAME = '$(TARGET_NAME:c99extidentifier)'; ENABLE_TESTABILITY = 'YES'; OTHER_SWIFT_FLAGS = '$(inherited)'; SWIFT_OPTIMIZATION_LEVEL = '-Onone'; OTHER_LDFLAGS = '$(inherited)'; PRODUCT_NAME = 'lib$(TARGET_NAME)'; };
            name = Debug;
        };
        _ReleaseConf_CLibvenice = {
            isa = XCBuildConfiguration;
            buildSettings = { LD_RUNPATH_SEARCH_PATHS = '$(TOOLCHAIN_DIR)/usr/lib/swift/macosx'; PRODUCT_MODULE_NAME = '$(TARGET_NAME:c99extidentifier)'; ENABLE_TESTABILITY = 'YES'; OTHER_LDFLAGS = '$(inherited)'; PRODUCT_NAME = 'lib$(TARGET_NAME)'; OTHER_SWIFT_FLAGS = '$(inherited)'; };
            name = Release;
        };
        __Dependency_CLibvenice = {
            isa = PBXTargetDependency;
            target = ______Target_CLibvenice;
        };
        _______Group_C7 = {
            isa = PBXGroup;
            name = C7;
            path = 'Packages/C7-0.7.3/Sources';
            sourceTree = '<group>';
            children = ('__PBXFileRef_Packages/C7-0.7.3/Sources/AsyncConnection.swift', '__PBXFileRef_Packages/C7-0.7.3/Sources/AsyncDrain.swift', '__PBXFileRef_Packages/C7-0.7.3/Sources/AsyncHost.swift', '__PBXFileRef_Packages/C7-0.7.3/Sources/AsyncStream.swift', '__PBXFileRef_Packages/C7-0.7.3/Sources/AsyncURIConnection.swift', '__PBXFileRef_Packages/C7-0.7.3/Sources/Byte.swift', '__PBXFileRef_Packages/C7-0.7.3/Sources/C7.swift', '__PBXFileRef_Packages/C7-0.7.3/Sources/CaseInsensitiveString.swift', '__PBXFileRef_Packages/C7-0.7.3/Sources/Closable.swift', '__PBXFileRef_Packages/C7-0.7.3/Sources/Connection.swift', '__PBXFileRef_Packages/C7-0.7.3/Sources/CustomDataStore.swift', '__PBXFileRef_Packages/C7-0.7.3/Sources/Data.swift', '__PBXFileRef_Packages/C7-0.7.3/Sources/Drain.swift', '__PBXFileRef_Packages/C7-0.7.3/Sources/Host.swift', '__PBXFileRef_Packages/C7-0.7.3/Sources/Query.swift', '__PBXFileRef_Packages/C7-0.7.3/Sources/QueryField.swift', '__PBXFileRef_Packages/C7-0.7.3/Sources/Stream.swift', '__PBXFileRef_Packages/C7-0.7.3/Sources/StreamError.swift', '__PBXFileRef_Packages/C7-0.7.3/Sources/StreamSequence.swift', '__PBXFileRef_Packages/C7-0.7.3/Sources/Time.swift', '__PBXFileRef_Packages/C7-0.7.3/Sources/URI.swift', '__PBXFileRef_Packages/C7-0.7.3/Sources/URIConnection.swift');
        };
        '__PBXFileRef_Packages/C7-0.7.3/Sources/AsyncConnection.swift' = {
            isa = PBXFileReference;
            lastKnownFileType = sourcecode.swift;
            name = 'AsyncConnection.swift';
            sourceTree = '<group>';
        };
        '__PBXFileRef_Packages/C7-0.7.3/Sources/AsyncDrain.swift' = {
            isa = PBXFileReference;
            lastKnownFileType = sourcecode.swift;
            name = 'AsyncDrain.swift';
            sourceTree = '<group>';
        };
        '__PBXFileRef_Packages/C7-0.7.3/Sources/AsyncHost.swift' = {
            isa = PBXFileReference;
            lastKnownFileType = sourcecode.swift;
            name = 'AsyncHost.swift';
            sourceTree = '<group>';
        };
        '__PBXFileRef_Packages/C7-0.7.3/Sources/AsyncStream.swift' = {
            isa = PBXFileReference;
            lastKnownFileType = sourcecode.swift;
            name = 'AsyncStream.swift';
            sourceTree = '<group>';
        };
        '__PBXFileRef_Packages/C7-0.7.3/Sources/AsyncURIConnection.swift' = {
            isa = PBXFileReference;
            lastKnownFileType = sourcecode.swift;
            name = 'AsyncURIConnection.swift';
            sourceTree = '<group>';
        };
        '__PBXFileRef_Packages/C7-0.7.3/Sources/Byte.swift' = {
            isa = PBXFileReference;
            lastKnownFileType = sourcecode.swift;
            name = 'Byte.swift';
            sourceTree = '<group>';
        };
        '__PBXFileRef_Packages/C7-0.7.3/Sources/C7.swift' = {
            isa = PBXFileReference;
            lastKnownFileType = sourcecode.swift;
            name = 'C7.swift';
            sourceTree = '<group>';
        };
        '__PBXFileRef_Packages/C7-0.7.3/Sources/CaseInsensitiveString.swift' = {
            isa = PBXFileReference;
            lastKnownFileType = sourcecode.swift;
            name = 'CaseInsensitiveString.swift';
            sourceTree = '<group>';
        };
        '__PBXFileRef_Packages/C7-0.7.3/Sources/Closable.swift' = {
            isa = PBXFileReference;
            lastKnownFileType = sourcecode.swift;
            name = 'Closable.swift';
            sourceTree = '<group>';
        };
        '__PBXFileRef_Packages/C7-0.7.3/Sources/Connection.swift' = {
            isa = PBXFileReference;
            lastKnownFileType = sourcecode.swift;
            name = 'Connection.swift';
            sourceTree = '<group>';
        };
        '__PBXFileRef_Packages/C7-0.7.3/Sources/CustomDataStore.swift' = {
            isa = PBXFileReference;
            lastKnownFileType = sourcecode.swift;
            name = 'CustomDataStore.swift';
            sourceTree = '<group>';
        };
        '__PBXFileRef_Packages/C7-0.7.3/Sources/Data.swift' = {
            isa = PBXFileReference;
            lastKnownFileType = sourcecode.swift;
            name = 'Data.swift';
            sourceTree = '<group>';
        };
        '__PBXFileRef_Packages/C7-0.7.3/Sources/Drain.swift' = {
            isa = PBXFileReference;
            lastKnownFileType = sourcecode.swift;
            name = 'Drain.swift';
            sourceTree = '<group>';
        };
        '__PBXFileRef_Packages/C7-0.7.3/Sources/Host.swift' = {
            isa = PBXFileReference;
            lastKnownFileType = sourcecode.swift;
            name = 'Host.swift';
            sourceTree = '<group>';
        };
        '__PBXFileRef_Packages/C7-0.7.3/Sources/Query.swift' = {
            isa = PBXFileReference;
            lastKnownFileType = sourcecode.swift;
            name = 'Query.swift';
            sourceTree = '<group>';
        };
        '__PBXFileRef_Packages/C7-0.7.3/Sources/QueryField.swift' = {
            isa = PBXFileReference;
            lastKnownFileType = sourcecode.swift;
            name = 'QueryField.swift';
            sourceTree = '<group>';
        };
        '__PBXFileRef_Packages/C7-0.7.3/Sources/Stream.swift' = {
            isa = PBXFileReference;
            lastKnownFileType = sourcecode.swift;
            name = 'Stream.swift';
            sourceTree = '<group>';
        };
        '__PBXFileRef_Packages/C7-0.7.3/Sources/StreamError.swift' = {
            isa = PBXFileReference;
            lastKnownFileType = sourcecode.swift;
            name = 'StreamError.swift';
            sourceTree = '<group>';
        };
        '__PBXFileRef_Packages/C7-0.7.3/Sources/StreamSequence.swift' = {
            isa = PBXFileReference;
            lastKnownFileType = sourcecode.swift;
            name = 'StreamSequence.swift';
            sourceTree = '<group>';
        };
        '__PBXFileRef_Packages/C7-0.7.3/Sources/Time.swift' = {
            isa = PBXFileReference;
            lastKnownFileType = sourcecode.swift;
            name = 'Time.swift';
            sourceTree = '<group>';
        };
        '__PBXFileRef_Packages/C7-0.7.3/Sources/URI.swift' = {
            isa = PBXFileReference;
            lastKnownFileType = sourcecode.swift;
            name = 'URI.swift';
            sourceTree = '<group>';
        };
        '__PBXFileRef_Packages/C7-0.7.3/Sources/URIConnection.swift' = {
            isa = PBXFileReference;
            lastKnownFileType = sourcecode.swift;
            name = 'URIConnection.swift';
            sourceTree = '<group>';
        };
        ______Target_C7 = {
            isa = PBXNativeTarget;
            buildConfigurationList = _______Confs_C7;
            buildPhases = (CompilePhase_C7, ___LinkPhase_C7);
            buildRules = ();
            dependencies = ();
            name = C7;
            productName = C7;
            productReference = _____Product_C7;
            productType = 'com.apple.product-type.library.dynamic';
        };
        _____Product_C7 = {
            isa = PBXFileReference;
            explicitFileType = 'compiled.mach-o.dylib';
            path = 'libC7.dylib';
            sourceTree = BUILT_PRODUCTS_DIR;
        };
        CompilePhase_C7 = {
            isa = PBXSourcesBuildPhase;
            files = ('__src_cc_ref_Packages/C7-0.7.3/Sources/AsyncConnection.swift', '__src_cc_ref_Packages/C7-0.7.3/Sources/AsyncDrain.swift', '__src_cc_ref_Packages/C7-0.7.3/Sources/AsyncHost.swift', '__src_cc_ref_Packages/C7-0.7.3/Sources/AsyncStream.swift', '__src_cc_ref_Packages/C7-0.7.3/Sources/AsyncURIConnection.swift', '__src_cc_ref_Packages/C7-0.7.3/Sources/Byte.swift', '__src_cc_ref_Packages/C7-0.7.3/Sources/C7.swift', '__src_cc_ref_Packages/C7-0.7.3/Sources/CaseInsensitiveString.swift', '__src_cc_ref_Packages/C7-0.7.3/Sources/Closable.swift', '__src_cc_ref_Packages/C7-0.7.3/Sources/Connection.swift', '__src_cc_ref_Packages/C7-0.7.3/Sources/CustomDataStore.swift', '__src_cc_ref_Packages/C7-0.7.3/Sources/Data.swift', '__src_cc_ref_Packages/C7-0.7.3/Sources/Drain.swift', '__src_cc_ref_Packages/C7-0.7.3/Sources/Host.swift', '__src_cc_ref_Packages/C7-0.7.3/Sources/Query.swift', '__src_cc_ref_Packages/C7-0.7.3/Sources/QueryField.swift', '__src_cc_ref_Packages/C7-0.7.3/Sources/Stream.swift', '__src_cc_ref_Packages/C7-0.7.3/Sources/StreamError.swift', '__src_cc_ref_Packages/C7-0.7.3/Sources/StreamSequence.swift', '__src_cc_ref_Packages/C7-0.7.3/Sources/Time.swift', '__src_cc_ref_Packages/C7-0.7.3/Sources/URI.swift', '__src_cc_ref_Packages/C7-0.7.3/Sources/URIConnection.swift');
            runOnlyForDeploymentPostprocessing = 0;
        };
        '__src_cc_ref_Packages/C7-0.7.3/Sources/AsyncConnection.swift' = {
            isa = PBXBuildFile;
            fileRef = '__PBXFileRef_Packages/C7-0.7.3/Sources/AsyncConnection.swift';
        };
        '__src_cc_ref_Packages/C7-0.7.3/Sources/AsyncDrain.swift' = {
            isa = PBXBuildFile;
            fileRef = '__PBXFileRef_Packages/C7-0.7.3/Sources/AsyncDrain.swift';
        };
        '__src_cc_ref_Packages/C7-0.7.3/Sources/AsyncHost.swift' = {
            isa = PBXBuildFile;
            fileRef = '__PBXFileRef_Packages/C7-0.7.3/Sources/AsyncHost.swift';
        };
        '__src_cc_ref_Packages/C7-0.7.3/Sources/AsyncStream.swift' = {
            isa = PBXBuildFile;
            fileRef = '__PBXFileRef_Packages/C7-0.7.3/Sources/AsyncStream.swift';
        };
        '__src_cc_ref_Packages/C7-0.7.3/Sources/AsyncURIConnection.swift' = {
            isa = PBXBuildFile;
            fileRef = '__PBXFileRef_Packages/C7-0.7.3/Sources/AsyncURIConnection.swift';
        };
        '__src_cc_ref_Packages/C7-0.7.3/Sources/Byte.swift' = {
            isa = PBXBuildFile;
            fileRef = '__PBXFileRef_Packages/C7-0.7.3/Sources/Byte.swift';
        };
        '__src_cc_ref_Packages/C7-0.7.3/Sources/C7.swift' = {
            isa = PBXBuildFile;
            fileRef = '__PBXFileRef_Packages/C7-0.7.3/Sources/C7.swift';
        };
        '__src_cc_ref_Packages/C7-0.7.3/Sources/CaseInsensitiveString.swift' = {
            isa = PBXBuildFile;
            fileRef = '__PBXFileRef_Packages/C7-0.7.3/Sources/CaseInsensitiveString.swift';
        };
        '__src_cc_ref_Packages/C7-0.7.3/Sources/Closable.swift' = {
            isa = PBXBuildFile;
            fileRef = '__PBXFileRef_Packages/C7-0.7.3/Sources/Closable.swift';
        };
        '__src_cc_ref_Packages/C7-0.7.3/Sources/Connection.swift' = {
            isa = PBXBuildFile;
            fileRef = '__PBXFileRef_Packages/C7-0.7.3/Sources/Connection.swift';
        };
        '__src_cc_ref_Packages/C7-0.7.3/Sources/CustomDataStore.swift' = {
            isa = PBXBuildFile;
            fileRef = '__PBXFileRef_Packages/C7-0.7.3/Sources/CustomDataStore.swift';
        };
        '__src_cc_ref_Packages/C7-0.7.3/Sources/Data.swift' = {
            isa = PBXBuildFile;
            fileRef = '__PBXFileRef_Packages/C7-0.7.3/Sources/Data.swift';
        };
        '__src_cc_ref_Packages/C7-0.7.3/Sources/Drain.swift' = {
            isa = PBXBuildFile;
            fileRef = '__PBXFileRef_Packages/C7-0.7.3/Sources/Drain.swift';
        };
        '__src_cc_ref_Packages/C7-0.7.3/Sources/Host.swift' = {
            isa = PBXBuildFile;
            fileRef = '__PBXFileRef_Packages/C7-0.7.3/Sources/Host.swift';
        };
        '__src_cc_ref_Packages/C7-0.7.3/Sources/Query.swift' = {
            isa = PBXBuildFile;
            fileRef = '__PBXFileRef_Packages/C7-0.7.3/Sources/Query.swift';
        };
        '__src_cc_ref_Packages/C7-0.7.3/Sources/QueryField.swift' = {
            isa = PBXBuildFile;
            fileRef = '__PBXFileRef_Packages/C7-0.7.3/Sources/QueryField.swift';
        };
        '__src_cc_ref_Packages/C7-0.7.3/Sources/Stream.swift' = {
            isa = PBXBuildFile;
            fileRef = '__PBXFileRef_Packages/C7-0.7.3/Sources/Stream.swift';
        };
        '__src_cc_ref_Packages/C7-0.7.3/Sources/StreamError.swift' = {
            isa = PBXBuildFile;
            fileRef = '__PBXFileRef_Packages/C7-0.7.3/Sources/StreamError.swift';
        };
        '__src_cc_ref_Packages/C7-0.7.3/Sources/StreamSequence.swift' = {
            isa = PBXBuildFile;
            fileRef = '__PBXFileRef_Packages/C7-0.7.3/Sources/StreamSequence.swift';
        };
        '__src_cc_ref_Packages/C7-0.7.3/Sources/Time.swift' = {
            isa = PBXBuildFile;
            fileRef = '__PBXFileRef_Packages/C7-0.7.3/Sources/Time.swift';
        };
        '__src_cc_ref_Packages/C7-0.7.3/Sources/URI.swift' = {
            isa = PBXBuildFile;
            fileRef = '__PBXFileRef_Packages/C7-0.7.3/Sources/URI.swift';
        };
        '__src_cc_ref_Packages/C7-0.7.3/Sources/URIConnection.swift' = {
            isa = PBXBuildFile;
            fileRef = '__PBXFileRef_Packages/C7-0.7.3/Sources/URIConnection.swift';
        };
        ___LinkPhase_C7 = {
            isa = PBXFrameworksBuildPhase;
            files = ();
            runOnlyForDeploymentPostprocessing = 0;
        };
        _______Confs_C7 = {
            isa = XCConfigurationList;
            buildConfigurations = (___DebugConf_C7, _ReleaseConf_C7);
            defaultConfigurationIsVisible = 0;
            defaultConfigurationName = Debug;
        };
        ___DebugConf_C7 = {
            isa = XCBuildConfiguration;
            buildSettings = { LD_RUNPATH_SEARCH_PATHS = '$(TOOLCHAIN_DIR)/usr/lib/swift/macosx'; PRODUCT_MODULE_NAME = '$(TARGET_NAME:c99extidentifier)'; ENABLE_TESTABILITY = 'YES'; OTHER_SWIFT_FLAGS = '$(inherited)'; SWIFT_OPTIMIZATION_LEVEL = '-Onone'; OTHER_LDFLAGS = '$(inherited)'; PRODUCT_NAME = 'lib$(TARGET_NAME)'; };
            name = Debug;
        };
        _ReleaseConf_C7 = {
            isa = XCBuildConfiguration;
            buildSettings = { LD_RUNPATH_SEARCH_PATHS = '$(TOOLCHAIN_DIR)/usr/lib/swift/macosx'; PRODUCT_MODULE_NAME = '$(TARGET_NAME:c99extidentifier)'; ENABLE_TESTABILITY = 'YES'; OTHER_LDFLAGS = '$(inherited)'; PRODUCT_NAME = 'lib$(TARGET_NAME)'; OTHER_SWIFT_FLAGS = '$(inherited)'; };
            name = Release;
        };
        __Dependency_C7 = {
            isa = PBXTargetDependency;
            target = ______Target_C7;
        };
        _______Group_Venice = {
            isa = PBXGroup;
            name = Venice;
            path = 'Packages/Venice-0.7.1/Source/Venice';
            sourceTree = '<group>';
            children = ('__PBXFileRef_Packages/Venice-0.7.1/Source/Venice/Channel/Channel.swift', '__PBXFileRef_Packages/Venice-0.7.1/Source/Venice/Channel/ReceivingChannel.swift', '__PBXFileRef_Packages/Venice-0.7.1/Source/Venice/Channel/SendingChannel.swift', '__PBXFileRef_Packages/Venice-0.7.1/Source/Venice/Coroutine/Coroutine.swift', '__PBXFileRef_Packages/Venice-0.7.1/Source/Venice/FallibleChannel/FallibleChannel.swift', '__PBXFileRef_Packages/Venice-0.7.1/Source/Venice/FallibleChannel/FallibleReceivingChannel.swift', '__PBXFileRef_Packages/Venice-0.7.1/Source/Venice/FallibleChannel/FallibleSendingChannel.swift', '__PBXFileRef_Packages/Venice-0.7.1/Source/Venice/Poll/Poll.swift', '__PBXFileRef_Packages/Venice-0.7.1/Source/Venice/Select/Select.swift', '__PBXFileRef_Packages/Venice-0.7.1/Source/Venice/Ticker/Ticker.swift', '__PBXFileRef_Packages/Venice-0.7.1/Source/Venice/TImer/Timer.swift');
        };
        '__PBXFileRef_Packages/Venice-0.7.1/Source/Venice/Channel/Channel.swift' = {
            isa = PBXFileReference;
            lastKnownFileType = sourcecode.swift;
            name = 'Channel/Channel.swift';
            sourceTree = '<group>';
        };
        '__PBXFileRef_Packages/Venice-0.7.1/Source/Venice/Channel/ReceivingChannel.swift' = {
            isa = PBXFileReference;
            lastKnownFileType = sourcecode.swift;
            name = 'Channel/ReceivingChannel.swift';
            sourceTree = '<group>';
        };
        '__PBXFileRef_Packages/Venice-0.7.1/Source/Venice/Channel/SendingChannel.swift' = {
            isa = PBXFileReference;
            lastKnownFileType = sourcecode.swift;
            name = 'Channel/SendingChannel.swift';
            sourceTree = '<group>';
        };
        '__PBXFileRef_Packages/Venice-0.7.1/Source/Venice/Coroutine/Coroutine.swift' = {
            isa = PBXFileReference;
            lastKnownFileType = sourcecode.swift;
            name = 'Coroutine/Coroutine.swift';
            sourceTree = '<group>';
        };
        '__PBXFileRef_Packages/Venice-0.7.1/Source/Venice/FallibleChannel/FallibleChannel.swift' = {
            isa = PBXFileReference;
            lastKnownFileType = sourcecode.swift;
            name = 'FallibleChannel/FallibleChannel.swift';
            sourceTree = '<group>';
        };
        '__PBXFileRef_Packages/Venice-0.7.1/Source/Venice/FallibleChannel/FallibleReceivingChannel.swift' = {
            isa = PBXFileReference;
            lastKnownFileType = sourcecode.swift;
            name = 'FallibleChannel/FallibleReceivingChannel.swift';
            sourceTree = '<group>';
        };
        '__PBXFileRef_Packages/Venice-0.7.1/Source/Venice/FallibleChannel/FallibleSendingChannel.swift' = {
            isa = PBXFileReference;
            lastKnownFileType = sourcecode.swift;
            name = 'FallibleChannel/FallibleSendingChannel.swift';
            sourceTree = '<group>';
        };
        '__PBXFileRef_Packages/Venice-0.7.1/Source/Venice/Poll/Poll.swift' = {
            isa = PBXFileReference;
            lastKnownFileType = sourcecode.swift;
            name = 'Poll/Poll.swift';
            sourceTree = '<group>';
        };
        '__PBXFileRef_Packages/Venice-0.7.1/Source/Venice/Select/Select.swift' = {
            isa = PBXFileReference;
            lastKnownFileType = sourcecode.swift;
            name = 'Select/Select.swift';
            sourceTree = '<group>';
        };
        '__PBXFileRef_Packages/Venice-0.7.1/Source/Venice/Ticker/Ticker.swift' = {
            isa = PBXFileReference;
            lastKnownFileType = sourcecode.swift;
            name = 'Ticker/Ticker.swift';
            sourceTree = '<group>';
        };
        '__PBXFileRef_Packages/Venice-0.7.1/Source/Venice/TImer/Timer.swift' = {
            isa = PBXFileReference;
            lastKnownFileType = sourcecode.swift;
            name = 'TImer/Timer.swift';
            sourceTree = '<group>';
        };
        ______Target_Venice = {
            isa = PBXNativeTarget;
            buildConfigurationList = _______Confs_Venice;
            buildPhases = (CompilePhase_Venice, ___LinkPhase_Venice);
            buildRules = ();
            dependencies = (__Dependency_C7, __Dependency_CLibvenice);
            name = Venice;
            productName = Venice;
            productReference = _____Product_Venice;
            productType = 'com.apple.product-type.library.dynamic';
        };
        _____Product_Venice = {
            isa = PBXFileReference;
            explicitFileType = 'compiled.mach-o.dylib';
            path = 'libVenice.dylib';
            sourceTree = BUILT_PRODUCTS_DIR;
        };
        CompilePhase_Venice = {
            isa = PBXSourcesBuildPhase;
            files = ('__src_cc_ref_Packages/Venice-0.7.1/Source/Venice/Channel/Channel.swift', '__src_cc_ref_Packages/Venice-0.7.1/Source/Venice/Channel/ReceivingChannel.swift', '__src_cc_ref_Packages/Venice-0.7.1/Source/Venice/Channel/SendingChannel.swift', '__src_cc_ref_Packages/Venice-0.7.1/Source/Venice/Coroutine/Coroutine.swift', '__src_cc_ref_Packages/Venice-0.7.1/Source/Venice/FallibleChannel/FallibleChannel.swift', '__src_cc_ref_Packages/Venice-0.7.1/Source/Venice/FallibleChannel/FallibleReceivingChannel.swift', '__src_cc_ref_Packages/Venice-0.7.1/Source/Venice/FallibleChannel/FallibleSendingChannel.swift', '__src_cc_ref_Packages/Venice-0.7.1/Source/Venice/Poll/Poll.swift', '__src_cc_ref_Packages/Venice-0.7.1/Source/Venice/Select/Select.swift', '__src_cc_ref_Packages/Venice-0.7.1/Source/Venice/Ticker/Ticker.swift', '__src_cc_ref_Packages/Venice-0.7.1/Source/Venice/TImer/Timer.swift');
            runOnlyForDeploymentPostprocessing = 0;
        };
        '__src_cc_ref_Packages/Venice-0.7.1/Source/Venice/Channel/Channel.swift' = {
            isa = PBXBuildFile;
            fileRef = '__PBXFileRef_Packages/Venice-0.7.1/Source/Venice/Channel/Channel.swift';
        };
        '__src_cc_ref_Packages/Venice-0.7.1/Source/Venice/Channel/ReceivingChannel.swift' = {
            isa = PBXBuildFile;
            fileRef = '__PBXFileRef_Packages/Venice-0.7.1/Source/Venice/Channel/ReceivingChannel.swift';
        };
        '__src_cc_ref_Packages/Venice-0.7.1/Source/Venice/Channel/SendingChannel.swift' = {
            isa = PBXBuildFile;
            fileRef = '__PBXFileRef_Packages/Venice-0.7.1/Source/Venice/Channel/SendingChannel.swift';
        };
        '__src_cc_ref_Packages/Venice-0.7.1/Source/Venice/Coroutine/Coroutine.swift' = {
            isa = PBXBuildFile;
            fileRef = '__PBXFileRef_Packages/Venice-0.7.1/Source/Venice/Coroutine/Coroutine.swift';
        };
        '__src_cc_ref_Packages/Venice-0.7.1/Source/Venice/FallibleChannel/FallibleChannel.swift' = {
            isa = PBXBuildFile;
            fileRef = '__PBXFileRef_Packages/Venice-0.7.1/Source/Venice/FallibleChannel/FallibleChannel.swift';
        };
        '__src_cc_ref_Packages/Venice-0.7.1/Source/Venice/FallibleChannel/FallibleReceivingChannel.swift' = {
            isa = PBXBuildFile;
            fileRef = '__PBXFileRef_Packages/Venice-0.7.1/Source/Venice/FallibleChannel/FallibleReceivingChannel.swift';
        };
        '__src_cc_ref_Packages/Venice-0.7.1/Source/Venice/FallibleChannel/FallibleSendingChannel.swift' = {
            isa = PBXBuildFile;
            fileRef = '__PBXFileRef_Packages/Venice-0.7.1/Source/Venice/FallibleChannel/FallibleSendingChannel.swift';
        };
        '__src_cc_ref_Packages/Venice-0.7.1/Source/Venice/Poll/Poll.swift' = {
            isa = PBXBuildFile;
            fileRef = '__PBXFileRef_Packages/Venice-0.7.1/Source/Venice/Poll/Poll.swift';
        };
        '__src_cc_ref_Packages/Venice-0.7.1/Source/Venice/Select/Select.swift' = {
            isa = PBXBuildFile;
            fileRef = '__PBXFileRef_Packages/Venice-0.7.1/Source/Venice/Select/Select.swift';
        };
        '__src_cc_ref_Packages/Venice-0.7.1/Source/Venice/Ticker/Ticker.swift' = {
            isa = PBXBuildFile;
            fileRef = '__PBXFileRef_Packages/Venice-0.7.1/Source/Venice/Ticker/Ticker.swift';
        };
        '__src_cc_ref_Packages/Venice-0.7.1/Source/Venice/TImer/Timer.swift' = {
            isa = PBXBuildFile;
            fileRef = '__PBXFileRef_Packages/Venice-0.7.1/Source/Venice/TImer/Timer.swift';
        };
        ___LinkPhase_Venice = {
            isa = PBXFrameworksBuildPhase;
            files = (_LinkFileRef_C7_via_Venice, _LinkFileRef_CLibvenice_via_Venice);
            runOnlyForDeploymentPostprocessing = 0;
        };
        _LinkFileRef_C7_via_Venice = {
            isa = PBXBuildFile;
            fileRef = _____Product_C7;
        };
        _LinkFileRef_CLibvenice_via_Venice = {
            isa = PBXBuildFile;
            fileRef = _____Product_CLibvenice;
        };
        _______Confs_Venice = {
            isa = XCConfigurationList;
            buildConfigurations = (___DebugConf_Venice, _ReleaseConf_Venice);
            defaultConfigurationIsVisible = 0;
            defaultConfigurationName = Debug;
        };
        ___DebugConf_Venice = {
            isa = XCBuildConfiguration;
            buildSettings = { LD_RUNPATH_SEARCH_PATHS = '$(TOOLCHAIN_DIR)/usr/lib/swift/macosx'; PRODUCT_MODULE_NAME = '$(TARGET_NAME:c99extidentifier)'; ENABLE_TESTABILITY = 'YES'; OTHER_SWIFT_FLAGS = '$(inherited)'; SWIFT_OPTIMIZATION_LEVEL = '-Onone'; HEADER_SEARCH_PATHS = '/Users/tomohisa/dev/ImworingSimpleMySQLClassGenerator/Packages/CLibvenice-0.5.1/Sources/include'; OTHER_LDFLAGS = '$(inherited)'; PRODUCT_NAME = 'lib$(TARGET_NAME)'; };
            name = Debug;
        };
        _ReleaseConf_Venice = {
            isa = XCBuildConfiguration;
            buildSettings = { LD_RUNPATH_SEARCH_PATHS = '$(TOOLCHAIN_DIR)/usr/lib/swift/macosx'; PRODUCT_MODULE_NAME = '$(TARGET_NAME:c99extidentifier)'; ENABLE_TESTABILITY = 'YES'; OTHER_SWIFT_FLAGS = '$(inherited)'; HEADER_SEARCH_PATHS = '/Users/tomohisa/dev/ImworingSimpleMySQLClassGenerator/Packages/CLibvenice-0.5.1/Sources/include'; OTHER_LDFLAGS = '$(inherited)'; PRODUCT_NAME = 'lib$(TARGET_NAME)'; };
            name = Release;
        };
        __Dependency_Venice = {
            isa = PBXTargetDependency;
            target = ______Target_Venice;
        };
        _______Group_String = {
            isa = PBXGroup;
            name = String;
            path = 'Packages/String-0.7.1/Source';
            sourceTree = '<group>';
            children = ('__PBXFileRef_Packages/String-0.7.1/Source/String.swift');
        };
        '__PBXFileRef_Packages/String-0.7.1/Source/String.swift' = {
            isa = PBXFileReference;
            lastKnownFileType = sourcecode.swift;
            name = 'String.swift';
            sourceTree = '<group>';
        };
        ______Target_String = {
            isa = PBXNativeTarget;
            buildConfigurationList = _______Confs_String;
            buildPhases = (CompilePhase_String, ___LinkPhase_String);
            buildRules = ();
            dependencies = ();
            name = String;
            productName = String;
            productReference = _____Product_String;
            productType = 'com.apple.product-type.library.dynamic';
        };
        _____Product_String = {
            isa = PBXFileReference;
            explicitFileType = 'compiled.mach-o.dylib';
            path = 'libString.dylib';
            sourceTree = BUILT_PRODUCTS_DIR;
        };
        CompilePhase_String = {
            isa = PBXSourcesBuildPhase;
            files = ('__src_cc_ref_Packages/String-0.7.1/Source/String.swift');
            runOnlyForDeploymentPostprocessing = 0;
        };
        '__src_cc_ref_Packages/String-0.7.1/Source/String.swift' = {
            isa = PBXBuildFile;
            fileRef = '__PBXFileRef_Packages/String-0.7.1/Source/String.swift';
        };
        ___LinkPhase_String = {
            isa = PBXFrameworksBuildPhase;
            files = ();
            runOnlyForDeploymentPostprocessing = 0;
        };
        _______Confs_String = {
            isa = XCConfigurationList;
            buildConfigurations = (___DebugConf_String, _ReleaseConf_String);
            defaultConfigurationIsVisible = 0;
            defaultConfigurationName = Debug;
        };
        ___DebugConf_String = {
            isa = XCBuildConfiguration;
            buildSettings = { LD_RUNPATH_SEARCH_PATHS = '$(TOOLCHAIN_DIR)/usr/lib/swift/macosx'; PRODUCT_MODULE_NAME = '$(TARGET_NAME:c99extidentifier)'; ENABLE_TESTABILITY = 'YES'; OTHER_SWIFT_FLAGS = '$(inherited)'; SWIFT_OPTIMIZATION_LEVEL = '-Onone'; OTHER_LDFLAGS = '$(inherited)'; PRODUCT_NAME = 'lib$(TARGET_NAME)'; };
            name = Debug;
        };
        _ReleaseConf_String = {
            isa = XCBuildConfiguration;
            buildSettings = { LD_RUNPATH_SEARCH_PATHS = '$(TOOLCHAIN_DIR)/usr/lib/swift/macosx'; PRODUCT_MODULE_NAME = '$(TARGET_NAME:c99extidentifier)'; ENABLE_TESTABILITY = 'YES'; OTHER_LDFLAGS = '$(inherited)'; PRODUCT_NAME = 'lib$(TARGET_NAME)'; OTHER_SWIFT_FLAGS = '$(inherited)'; };
            name = Release;
        };
        __Dependency_String = {
            isa = PBXTargetDependency;
            target = ______Target_String;
        };
        _______Group_POSIX = {
            isa = PBXGroup;
            name = POSIX;
            path = 'Packages/POSIX-0.5.0/Sources';
            sourceTree = '<group>';
            children = ('__PBXFileRef_Packages/POSIX-0.5.0/Sources/POSIX.swift');
        };
        '__PBXFileRef_Packages/POSIX-0.5.0/Sources/POSIX.swift' = {
            isa = PBXFileReference;
            lastKnownFileType = sourcecode.swift;
            name = 'POSIX.swift';
            sourceTree = '<group>';
        };
        ______Target_POSIX = {
            isa = PBXNativeTarget;
            buildConfigurationList = _______Confs_POSIX;
            buildPhases = (CompilePhase_POSIX, ___LinkPhase_POSIX);
            buildRules = ();
            dependencies = ();
            name = POSIX;
            productName = POSIX;
            productReference = _____Product_POSIX;
            productType = 'com.apple.product-type.library.dynamic';
        };
        _____Product_POSIX = {
            isa = PBXFileReference;
            explicitFileType = 'compiled.mach-o.dylib';
            path = 'libPOSIX.dylib';
            sourceTree = BUILT_PRODUCTS_DIR;
        };
        CompilePhase_POSIX = {
            isa = PBXSourcesBuildPhase;
            files = ('__src_cc_ref_Packages/POSIX-0.5.0/Sources/POSIX.swift');
            runOnlyForDeploymentPostprocessing = 0;
        };
        '__src_cc_ref_Packages/POSIX-0.5.0/Sources/POSIX.swift' = {
            isa = PBXBuildFile;
            fileRef = '__PBXFileRef_Packages/POSIX-0.5.0/Sources/POSIX.swift';
        };
        ___LinkPhase_POSIX = {
            isa = PBXFrameworksBuildPhase;
            files = ();
            runOnlyForDeploymentPostprocessing = 0;
        };
        _______Confs_POSIX = {
            isa = XCConfigurationList;
            buildConfigurations = (___DebugConf_POSIX, _ReleaseConf_POSIX);
            defaultConfigurationIsVisible = 0;
            defaultConfigurationName = Debug;
        };
        ___DebugConf_POSIX = {
            isa = XCBuildConfiguration;
            buildSettings = { LD_RUNPATH_SEARCH_PATHS = '$(TOOLCHAIN_DIR)/usr/lib/swift/macosx'; PRODUCT_MODULE_NAME = '$(TARGET_NAME:c99extidentifier)'; ENABLE_TESTABILITY = 'YES'; OTHER_SWIFT_FLAGS = '$(inherited)'; SWIFT_OPTIMIZATION_LEVEL = '-Onone'; OTHER_LDFLAGS = '$(inherited)'; PRODUCT_NAME = 'lib$(TARGET_NAME)'; };
            name = Debug;
        };
        _ReleaseConf_POSIX = {
            isa = XCBuildConfiguration;
            buildSettings = { LD_RUNPATH_SEARCH_PATHS = '$(TOOLCHAIN_DIR)/usr/lib/swift/macosx'; PRODUCT_MODULE_NAME = '$(TARGET_NAME:c99extidentifier)'; ENABLE_TESTABILITY = 'YES'; OTHER_LDFLAGS = '$(inherited)'; PRODUCT_NAME = 'lib$(TARGET_NAME)'; OTHER_SWIFT_FLAGS = '$(inherited)'; };
            name = Release;
        };
        __Dependency_POSIX = {
            isa = PBXTargetDependency;
            target = ______Target_POSIX;
        };
        _______Group_File = {
            isa = PBXGroup;
            name = File;
            path = 'Packages/File-0.7.2/Sources';
            sourceTree = '<group>';
            children = ('__PBXFileRef_Packages/File-0.7.2/Sources/File.swift', '__PBXFileRef_Packages/File-0.7.2/Sources/FileStream.swift');
        };
        '__PBXFileRef_Packages/File-0.7.2/Sources/File.swift' = {
            isa = PBXFileReference;
            lastKnownFileType = sourcecode.swift;
            name = 'File.swift';
            sourceTree = '<group>';
        };
        '__PBXFileRef_Packages/File-0.7.2/Sources/FileStream.swift' = {
            isa = PBXFileReference;
            lastKnownFileType = sourcecode.swift;
            name = 'FileStream.swift';
            sourceTree = '<group>';
        };
        ______Target_File = {
            isa = PBXNativeTarget;
            buildConfigurationList = _______Confs_File;
            buildPhases = (CompilePhase_File, ___LinkPhase_File);
            buildRules = ();
            dependencies = (__Dependency_C7, __Dependency_CLibvenice, __Dependency_POSIX, __Dependency_String, __Dependency_Venice);
            name = File;
            productName = File;
            productReference = _____Product_File;
            productType = 'com.apple.product-type.library.dynamic';
        };
        _____Product_File = {
            isa = PBXFileReference;
            explicitFileType = 'compiled.mach-o.dylib';
            path = 'libFile.dylib';
            sourceTree = BUILT_PRODUCTS_DIR;
        };
        CompilePhase_File = {
            isa = PBXSourcesBuildPhase;
            files = ('__src_cc_ref_Packages/File-0.7.2/Sources/File.swift', '__src_cc_ref_Packages/File-0.7.2/Sources/FileStream.swift');
            runOnlyForDeploymentPostprocessing = 0;
        };
        '__src_cc_ref_Packages/File-0.7.2/Sources/File.swift' = {
            isa = PBXBuildFile;
            fileRef = '__PBXFileRef_Packages/File-0.7.2/Sources/File.swift';
        };
        '__src_cc_ref_Packages/File-0.7.2/Sources/FileStream.swift' = {
            isa = PBXBuildFile;
            fileRef = '__PBXFileRef_Packages/File-0.7.2/Sources/FileStream.swift';
        };
        ___LinkPhase_File = {
            isa = PBXFrameworksBuildPhase;
            files = (_LinkFileRef_C7_via_File, _LinkFileRef_CLibvenice_via_File, _LinkFileRef_POSIX_via_File, _LinkFileRef_String_via_File, _LinkFileRef_Venice_via_File);
            runOnlyForDeploymentPostprocessing = 0;
        };
        _LinkFileRef_C7_via_File = {
            isa = PBXBuildFile;
            fileRef = _____Product_C7;
        };
        _LinkFileRef_CLibvenice_via_File = {
            isa = PBXBuildFile;
            fileRef = _____Product_CLibvenice;
        };
        _LinkFileRef_POSIX_via_File = {
            isa = PBXBuildFile;
            fileRef = _____Product_POSIX;
        };
        _LinkFileRef_String_via_File = {
            isa = PBXBuildFile;
            fileRef = _____Product_String;
        };
        _LinkFileRef_Venice_via_File = {
            isa = PBXBuildFile;
            fileRef = _____Product_Venice;
        };
        _______Confs_File = {
            isa = XCConfigurationList;
            buildConfigurations = (___DebugConf_File, _ReleaseConf_File);
            defaultConfigurationIsVisible = 0;
            defaultConfigurationName = Debug;
        };
        ___DebugConf_File = {
            isa = XCBuildConfiguration;
            buildSettings = { LD_RUNPATH_SEARCH_PATHS = '$(TOOLCHAIN_DIR)/usr/lib/swift/macosx'; PRODUCT_MODULE_NAME = '$(TARGET_NAME:c99extidentifier)'; ENABLE_TESTABILITY = 'YES'; OTHER_SWIFT_FLAGS = '$(inherited)'; SWIFT_OPTIMIZATION_LEVEL = '-Onone'; HEADER_SEARCH_PATHS = '/Users/tomohisa/dev/ImworingSimpleMySQLClassGenerator/Packages/CLibvenice-0.5.1/Sources/include'; OTHER_LDFLAGS = '$(inherited)'; PRODUCT_NAME = 'lib$(TARGET_NAME)'; };
            name = Debug;
        };
        _ReleaseConf_File = {
            isa = XCBuildConfiguration;
            buildSettings = { LD_RUNPATH_SEARCH_PATHS = '$(TOOLCHAIN_DIR)/usr/lib/swift/macosx'; PRODUCT_MODULE_NAME = '$(TARGET_NAME:c99extidentifier)'; ENABLE_TESTABILITY = 'YES'; OTHER_SWIFT_FLAGS = '$(inherited)'; HEADER_SEARCH_PATHS = '/Users/tomohisa/dev/ImworingSimpleMySQLClassGenerator/Packages/CLibvenice-0.5.1/Sources/include'; OTHER_LDFLAGS = '$(inherited)'; PRODUCT_NAME = 'lib$(TARGET_NAME)'; };
            name = Release;
        };
        __Dependency_File = {
            isa = PBXTargetDependency;
            target = ______Target_File;
        };
        _______Group_POSIXRegex = {
            isa = PBXGroup;
            name = POSIXRegex;
            path = 'Packages/POSIXRegex-0.6.0/Source';
            sourceTree = '<group>';
            children = ('__PBXFileRef_Packages/POSIXRegex-0.6.0/Source/Regex.swift');
        };
        '__PBXFileRef_Packages/POSIXRegex-0.6.0/Source/Regex.swift' = {
            isa = PBXFileReference;
            lastKnownFileType = sourcecode.swift;
            name = 'Regex.swift';
            sourceTree = '<group>';
        };
        ______Target_POSIXRegex = {
            isa = PBXNativeTarget;
            buildConfigurationList = _______Confs_POSIXRegex;
            buildPhases = (CompilePhase_POSIXRegex, ___LinkPhase_POSIXRegex);
            buildRules = ();
            dependencies = (__Dependency_C7);
            name = POSIXRegex;
            productName = POSIXRegex;
            productReference = _____Product_POSIXRegex;
            productType = 'com.apple.product-type.library.dynamic';
        };
        _____Product_POSIXRegex = {
            isa = PBXFileReference;
            explicitFileType = 'compiled.mach-o.dylib';
            path = 'libPOSIXRegex.dylib';
            sourceTree = BUILT_PRODUCTS_DIR;
        };
        CompilePhase_POSIXRegex = {
            isa = PBXSourcesBuildPhase;
            files = ('__src_cc_ref_Packages/POSIXRegex-0.6.0/Source/Regex.swift');
            runOnlyForDeploymentPostprocessing = 0;
        };
        '__src_cc_ref_Packages/POSIXRegex-0.6.0/Source/Regex.swift' = {
            isa = PBXBuildFile;
            fileRef = '__PBXFileRef_Packages/POSIXRegex-0.6.0/Source/Regex.swift';
        };
        ___LinkPhase_POSIXRegex = {
            isa = PBXFrameworksBuildPhase;
            files = (_LinkFileRef_C7_via_POSIXRegex);
            runOnlyForDeploymentPostprocessing = 0;
        };
        _LinkFileRef_C7_via_POSIXRegex = {
            isa = PBXBuildFile;
            fileRef = _____Product_C7;
        };
        _______Confs_POSIXRegex = {
            isa = XCConfigurationList;
            buildConfigurations = (___DebugConf_POSIXRegex, _ReleaseConf_POSIXRegex);
            defaultConfigurationIsVisible = 0;
            defaultConfigurationName = Debug;
        };
        ___DebugConf_POSIXRegex = {
            isa = XCBuildConfiguration;
            buildSettings = { LD_RUNPATH_SEARCH_PATHS = '$(TOOLCHAIN_DIR)/usr/lib/swift/macosx'; PRODUCT_MODULE_NAME = '$(TARGET_NAME:c99extidentifier)'; ENABLE_TESTABILITY = 'YES'; OTHER_SWIFT_FLAGS = '$(inherited)'; SWIFT_OPTIMIZATION_LEVEL = '-Onone'; OTHER_LDFLAGS = '$(inherited)'; PRODUCT_NAME = 'lib$(TARGET_NAME)'; };
            name = Debug;
        };
        _ReleaseConf_POSIXRegex = {
            isa = XCBuildConfiguration;
            buildSettings = { LD_RUNPATH_SEARCH_PATHS = '$(TOOLCHAIN_DIR)/usr/lib/swift/macosx'; PRODUCT_MODULE_NAME = '$(TARGET_NAME:c99extidentifier)'; ENABLE_TESTABILITY = 'YES'; OTHER_LDFLAGS = '$(inherited)'; PRODUCT_NAME = 'lib$(TARGET_NAME)'; OTHER_SWIFT_FLAGS = '$(inherited)'; };
            name = Release;
        };
        __Dependency_POSIXRegex = {
            isa = PBXTargetDependency;
            target = ______Target_POSIXRegex;
        };
        _______Group_SimpleMySQLClassGenerator = {
            isa = PBXGroup;
            name = SimpleMySQLClassGenerator;
            path = 'Sources';
            sourceTree = '<group>';
            children = ('__PBXFileRef_Sources/main.swift', '__PBXFileRef_Sources/Settings.swift');
        };
        '__PBXFileRef_Sources/main.swift' = {
            isa = PBXFileReference;
            lastKnownFileType = sourcecode.swift;
            name = 'main.swift';
            sourceTree = '<group>';
        };
        '__PBXFileRef_Sources/Settings.swift' = {
            isa = PBXFileReference;
            lastKnownFileType = sourcecode.swift;
            name = 'Settings.swift';
            sourceTree = '<group>';
        };
        ______Target_SimpleMySQLClassGenerator = {
            isa = PBXNativeTarget;
            buildConfigurationList = _______Confs_SimpleMySQLClassGenerator;
            buildPhases = (CompilePhase_SimpleMySQLClassGenerator, ___LinkPhase_SimpleMySQLClassGenerator);
            buildRules = ();
            dependencies = (__Dependency_CLibvenice, __Dependency_C7, __Dependency_POSIX, __Dependency_String, __Dependency_Venice, __Dependency_POSIXRegex, __Dependency_File, __Dependency_Environment, __Dependency_MySQL, __Dependency_SQLFormatter);
            name = SimpleMySQLClassGenerator;
            productName = SimpleMySQLClassGenerator;
            productReference = _____Product_SimpleMySQLClassGenerator;
            productType = 'com.apple.product-type.tool';
        };
        _____Product_SimpleMySQLClassGenerator = {
            isa = PBXFileReference;
            explicitFileType = 'compiled.mach-o.executable';
            path = 'SimpleMySQLClassGenerator';
            sourceTree = BUILT_PRODUCTS_DIR;
        };
        CompilePhase_SimpleMySQLClassGenerator = {
            isa = PBXSourcesBuildPhase;
            files = ('__src_cc_ref_Sources/main.swift', '__src_cc_ref_Sources/Settings.swift');
            runOnlyForDeploymentPostprocessing = 0;
        };
        '__src_cc_ref_Sources/main.swift' = {
            isa = PBXBuildFile;
            fileRef = '__PBXFileRef_Sources/main.swift';
        };
        '__src_cc_ref_Sources/Settings.swift' = {
            isa = PBXBuildFile;
            fileRef = '__PBXFileRef_Sources/Settings.swift';
        };
        ___LinkPhase_SimpleMySQLClassGenerator = {
            isa = PBXFrameworksBuildPhase;
            files = (_LinkFileRef_CLibvenice_via_SimpleMySQLClassGenerator, _LinkFileRef_C7_via_SimpleMySQLClassGenerator, _LinkFileRef_POSIX_via_SimpleMySQLClassGenerator, _LinkFileRef_String_via_SimpleMySQLClassGenerator, _LinkFileRef_Venice_via_SimpleMySQLClassGenerator, _LinkFileRef_POSIXRegex_via_SimpleMySQLClassGenerator, _LinkFileRef_File_via_SimpleMySQLClassGenerator, _LinkFileRef_Environment_via_SimpleMySQLClassGenerator, _LinkFileRef_MySQL_via_SimpleMySQLClassGenerator, _LinkFileRef_SQLFormatter_via_SimpleMySQLClassGenerator);
            runOnlyForDeploymentPostprocessing = 0;
        };
        _LinkFileRef_CLibvenice_via_SimpleMySQLClassGenerator = {
            isa = PBXBuildFile;
            fileRef = _____Product_CLibvenice;
        };
        _LinkFileRef_C7_via_SimpleMySQLClassGenerator = {
            isa = PBXBuildFile;
            fileRef = _____Product_C7;
        };
        _LinkFileRef_POSIX_via_SimpleMySQLClassGenerator = {
            isa = PBXBuildFile;
            fileRef = _____Product_POSIX;
        };
        _LinkFileRef_String_via_SimpleMySQLClassGenerator = {
            isa = PBXBuildFile;
            fileRef = _____Product_String;
        };
        _LinkFileRef_Venice_via_SimpleMySQLClassGenerator = {
            isa = PBXBuildFile;
            fileRef = _____Product_Venice;
        };
        _LinkFileRef_POSIXRegex_via_SimpleMySQLClassGenerator = {
            isa = PBXBuildFile;
            fileRef = _____Product_POSIXRegex;
        };
        _LinkFileRef_File_via_SimpleMySQLClassGenerator = {
            isa = PBXBuildFile;
            fileRef = _____Product_File;
        };
        _LinkFileRef_Environment_via_SimpleMySQLClassGenerator = {
            isa = PBXBuildFile;
            fileRef = _____Product_Environment;
        };
        _LinkFileRef_MySQL_via_SimpleMySQLClassGenerator = {
            isa = PBXBuildFile;
            fileRef = _____Product_MySQL;
        };
        _LinkFileRef_SQLFormatter_via_SimpleMySQLClassGenerator = {
            isa = PBXBuildFile;
            fileRef = _____Product_SQLFormatter;
        };
        _______Confs_SimpleMySQLClassGenerator = {
            isa = XCConfigurationList;
            buildConfigurations = (___DebugConf_SimpleMySQLClassGenerator, _ReleaseConf_SimpleMySQLClassGenerator);
            defaultConfigurationIsVisible = 0;
            defaultConfigurationName = Debug;
        };
        ___DebugConf_SimpleMySQLClassGenerator = {
            isa = XCBuildConfiguration;
            buildSettings = { LD_RUNPATH_SEARCH_PATHS = '$(TOOLCHAIN_DIR)/usr/lib/swift/macosx @executable_path'; HEADER_SEARCH_PATHS = '/Users/tomohisa/dev/ImworingSimpleMySQLClassGenerator/Packages/CLibvenice-0.5.1/Sources/include /Users/tomohisa/dev/ImworingSimpleMySQLClassGenerator/Packages/CMySQL-1.1.3'; OTHER_SWIFT_FLAGS = '$(inherited)'; SWIFT_OPTIMIZATION_LEVEL = '-Onone'; SWIFT_FORCE_STATIC_LINK_STDLIB = 'NO'; SWIFT_FORCE_DYNAMIC_LINK_STDLIB = 'YES'; OTHER_LDFLAGS = '$(inherited)'; };
            name = Debug;
        };
        _ReleaseConf_SimpleMySQLClassGenerator = {
            isa = XCBuildConfiguration;
            buildSettings = { OTHER_SWIFT_FLAGS = '$(inherited)'; LD_RUNPATH_SEARCH_PATHS = '$(TOOLCHAIN_DIR)/usr/lib/swift/macosx @executable_path'; HEADER_SEARCH_PATHS = '/Users/tomohisa/dev/ImworingSimpleMySQLClassGenerator/Packages/CLibvenice-0.5.1/Sources/include /Users/tomohisa/dev/ImworingSimpleMySQLClassGenerator/Packages/CMySQL-1.1.3'; SWIFT_FORCE_STATIC_LINK_STDLIB = 'NO'; SWIFT_FORCE_DYNAMIC_LINK_STDLIB = 'YES'; OTHER_LDFLAGS = '$(inherited)'; };
            name = Release;
        };
        __Dependency_SimpleMySQLClassGenerator = {
            isa = PBXTargetDependency;
            target = ______Target_SimpleMySQLClassGenerator;
        };
        '__PBXFileRef_SimpleMySQLClassGenerator.xcodeproj/Configs/Project.xcconfig' = {
            isa = PBXFileReference;
            lastKnownFileType = text.xcconfig;
            name = 'Project.xcconfig';
            path = 'SimpleMySQLClassGenerator.xcodeproj/Configs/Project.xcconfig';
            sourceTree = '<group>';
        };
        _____Configs_ = {
            isa = PBXGroup;
            children = ('__PBXFileRef_SimpleMySQLClassGenerator.xcodeproj/Configs/Project.xcconfig');
            name = Configs;
            sourceTree = '<group>';
        };
        _____Sources_ = {
            isa = PBXGroup;
            children = (_______Group_MySQL, _______Group_SQLFormatter, _______Group_Environment, _______Group_CLibvenice, _______Group_C7, _______Group_Venice, _______Group_String, _______Group_POSIX, _______Group_File, _______Group_POSIXRegex, _______Group_SimpleMySQLClassGenerator);
            name = Sources;
            sourceTree = '<group>';
        };
        Dependencies_ = {
            isa = PBXGroup;
            children = (_______Group_MySQL, _______Group_SQLFormatter, _______Group_Environment, _______Group_CLibvenice, _______Group_C7, _______Group_Venice, _______Group_String, _______Group_POSIX, _______Group_File, _______Group_POSIXRegex);
            name = Dependencies;
            sourceTree = '<group>';
        };
        ____Products_ = {
            isa = PBXGroup;
            children = (_____Product_MySQL, _____Product_SQLFormatter, _____Product_Environment, _____Product_CLibvenice, _____Product_C7, _____Product_Venice, _____Product_String, _____Product_POSIX, _____Product_File, _____Product_POSIXRegex, _____Product_SimpleMySQLClassGenerator);
            name = Products;
            sourceTree = '<group>';
        };
        _______Debug_ = {
            isa = XCBuildConfiguration;
            baseConfigurationReference = '__PBXFileRef_SimpleMySQLClassGenerator.xcodeproj/Configs/Project.xcconfig';
            buildSettings = {};
            name = Debug;
        };
        _____Release_ = {
            isa = XCBuildConfiguration;
            baseConfigurationReference = '__PBXFileRef_SimpleMySQLClassGenerator.xcodeproj/Configs/Project.xcconfig';
            buildSettings = {};
            name = Release;
        };
        ___RootConfs_ = {
            isa = XCConfigurationList;
            buildConfigurations = (_______Debug_, _____Release_);
            defaultConfigurationIsVisible = 0;
            defaultConfigurationName = Debug;
        };
    };
}
